
Microsoft Visual Studio Solution File, Format Version 12.00
Project("{FAE04EC0-301F-11D3-BF4B-00C04F79EFBC}") = "pokemon", "pokemon.csproj", "{5149CBAD-CDD2-4473-898F-986B87AE4003}"
EndProject
Global
	GlobalSection(SolutionConfigurationPlatforms) = preSolution
		Debug|Any CPU = Debug|Any CPU
		Release|Any CPU = Release|Any CPU
	EndGlobalSection
	GlobalSection(ProjectConfigurationPlatforms) = postSolution
		{5149CBAD-CDD2-4473-898F-986B87AE4003}.Debug|Any CPU.ActiveCfg = Debug|Any CPU
		{5149CBAD-CDD2-4473-898F-986B87AE4003}.Debug|Any CPU.Build.0 = Debug|Any CPU
		{5149CBAD-CDD2-4473-898F-986B87AE4003}.Release|Any CPU.ActiveCfg = Release|Any CPU
		{5149CBAD-CDD2-4473-898F-986B87AE4003}.Release|Any CPU.Build.0 = Release|Any CPU
	EndGlobalSection
EndGlobal
